dependencies:
- name: postgresql
  repository: https://charts.bitnami.com/bitnami
  version: 8.6.1
- name: redis
  repository: https://charts.bitnami.com/bitnami
  version: 9.3.2
digest: sha256:f6e6c143b187e38fb539c5efe4db3cfb4834b4db1ef50a47448537006d3ce87a
generated: "2021-07-16T21:36:32.266609+05:30"
