dependencies:
- name: postgresql
  repository: https://charts.bitnami.com/bitnami
  version: 11.6.7
- name: redis
  repository: https://charts.bitnami.com/bitnami
  version: 16.12.2
- name: common
  repository: https://charts.bitnami.com/bitnami
  version: 2.31.4
digest: sha256:018086b9360886ee9efa435233d706baf9b6d7147ae3a130cdbfcb86686fa39c
generated: "2026-02-19T20:00:00.000000+05:30"
